
Microsoft Visual Studio Solution File, Format Version 12.00
# Visual Studio Version 17
VisualStudioVersion = 17.0.31521.260
MinimumVisualStudioVersion = 10.0.40219.1
Project("{FAE04EC0-301F-11D3-BF4B-00C04F79EFBC}") = "TinhToanPhanSo", "TinhToanPhanSo.csproj", "{0D1EC0E1-8D7B-46FF-9725-018F7C1FBC64}"
EndProject
Global
	GlobalSection(SolutionConfigurationPlatforms) = preSolution
		Debug|Any CPU = Debug|Any CPU
		Release|Any CPU = Release|Any CPU
	EndGlobalSection
	GlobalSection(ProjectConfigurationPlatforms) = postSolution
		{0D1EC0E1-8D7B-46FF-9725-018F7C1FBC64}.Debug|Any CPU.ActiveCfg = Debug|Any CPU
		{0D1EC0E1-8D7B-46FF-9725-018F7C1FBC64}.Debug|Any CPU.Build.0 = Debug|Any CPU
		{0D1EC0E1-8D7B-46FF-9725-018F7C1FBC64}.Release|Any CPU.ActiveCfg = Release|Any CPU
		{0D1EC0E1-8D7B-46FF-9725-018F7C1FBC64}.Release|Any CPU.Build.0 = Release|Any CPU
	EndGlobalSection
	GlobalSection(SolutionProperties) = preSolution
		HideSolutionNode = FALSE
	EndGlobalSection
	GlobalSection(ExtensibilityGlobals) = postSolution
		SolutionGuid = {3456A093-62FD-45A5-901F-93A837E0EDED}
	EndGlobalSection
EndGlobal
